github.com/adityatelange/hugo-PaperMod v0.0.0-20240114144012-d6cd6d91757c h1:bTkD4nPWN6f8s8iTV0NDQHzlwwfSAOA5MLAfZmjww4A=
github.com/adityatelange/hugo-PaperMod v0.0.0-20240114144012-d6cd6d91757c/go.mod h1:HCHxNMKYdGafUYjVV3ICiAqznZK2yH0iI53jqcDFDdQ=
github.com/adityatelange/hugo-PaperMod v0.0.0-20240302192144-4278a07b7458 h1:YrqMNj9WIhzPGQ3Ahvju6B9bqOhyhIwSKhKDxo9a1LM=
github.com/adityatelange/hugo-PaperMod v0.0.0-20240302192144-4278a07b7458/go.mod h1:HCHxNMKYdGafUYjVV3ICiAqznZK2yH0iI53jqcDFDdQ=
github.com/adityatelange/hugo-PaperMod v0.0.0-20240316195851-dad94ab4b7c5 h1:yczLu4cdgnLAiRHGQuxTP86WHfEvip4IAkcKT/2HocE=
github.com/adityatelange/hugo-PaperMod v0.0.0-20240316195851-dad94ab4b7c5/go.mod h1:HCHxNMKYdGafUYjVV3ICiAqznZK2yH0iI53jqcDFDdQ=
github.com/adityatelange/hugo-PaperMod v0.0.0-20240420132049-175059921fe1 h1:pSDv9vokXatYBBc0Yh0yNlCa19fKndA8q/IDthzd3gg=
github.com/adityatelange/hugo-PaperMod v0.0.0-20240420132049-175059921fe1/go.mod h1:HCHxNMKYdGafUYjVV3ICiAqznZK2yH0iI53jqcDFDdQ=
github.com/adityatelange/hugo-PaperMod v0.0.0-20240501082639-33e48f98920c h1:ghqqkCLwaPOu2WeKn52HA3APwC1vih3SN6mqmvT/V3c=
github.com/adityatelange/hugo-PaperMod v0.0.0-20240501082639-33e48f98920c/go.mod h1:HCHxNMKYdGafUYjVV3ICiAqznZK2yH0iI53jqcDFDdQ=
