github.com/adityatelange/hugo-PaperMod v0.0.0-20240114144012-d6cd6d91757c h1:bTkD4nPWN6f8s8iTV0NDQHzlwwfSAOA5MLAfZmjww4A=
github.com/adityatelange/hugo-PaperMod v0.0.0-20240114144012-d6cd6d91757c/go.mod h1:HCHxNMKYdGafUYjVV3ICiAqznZK2yH0iI53jqcDFDdQ=
github.com/adityatelange/hugo-PaperMod v0.0.0-20240302192144-4278a07b7458 h1:YrqMNj9WIhzPGQ3Ahvju6B9bqOhyhIwSKhKDxo9a1LM=
github.com/adityatelange/hugo-PaperMod v0.0.0-20240302192144-4278a07b7458/go.mod h1:HCHxNMKYdGafUYjVV3ICiAqznZK2yH0iI53jqcDFDdQ=
